
Microsoft Visual Studio Solution File, Format Version 12.00
# Visual Studio 15
VisualStudioVersion = 15.0.28307.572
MinimumVisualStudioVersion = 10.0.40219.1
Project("{FAE04EC0-301F-11D3-BF4B-00C04F79EFBC}") = "ProcessPractice", "ProcessPractice\ProcessPractice.csproj", "{C08796A5-34A1-40B3-98A3-CB83BD09B1A2}"
EndProject
Global
	GlobalSection(SolutionConfigurationPlatforms) = preSolution
		Debug|Any CPU = Debug|Any CPU
		Release|Any CPU = Release|Any CPU
	EndGlobalSection
	GlobalSection(ProjectConfigurationPlatforms) = postSolution
		{C08796A5-34A1-40B3-98A3-CB83BD09B1A2}.Debug|Any CPU.ActiveCfg = Debug|Any CPU
		{C08796A5-34A1-40B3-98A3-CB83BD09B1A2}.Debug|Any CPU.Build.0 = Debug|Any CPU
		{C08796A5-34A1-40B3-98A3-CB83BD09B1A2}.Release|Any CPU.ActiveCfg = Release|Any CPU
		{C08796A5-34A1-40B3-98A3-CB83BD09B1A2}.Release|Any CPU.Build.0 = Release|Any CPU
	EndGlobalSection
	GlobalSection(SolutionProperties) = preSolution
		HideSolutionNode = FALSE
	EndGlobalSection
	GlobalSection(ExtensibilityGlobals) = postSolution
		SolutionGuid = {2FA2737E-00F7-45BC-981D-90D0ED81BE7A}
	EndGlobalSection
EndGlobal
